// !$*UTF8*$!
{
	archiveVersion = 1;
	classes = {
	};
	objectVersion = 50;
	objects = {

/* Begin PBXBuildFile section */
		0C2E680B286B3DE90017DC3A /* AppDelegate.swift in Sources */ = {isa = PBXBuildFile; fileRef = 0C2E680A286B3DE90017DC3A /* AppDelegate.swift */; };
		0C2E680D286B3DE90017DC3A /* SceneDelegate.swift in Sources */ = {isa = PBXBuildFile; fileRef = 0C2E680C286B3DE90017DC3A /* SceneDelegate.swift */; };
		0C2E680F286B3DE90017DC3A /* ViewController.swift in Sources */ = {isa = PBXBuildFile; fileRef = 0C2E680E286B3DE90017DC3A /* ViewController.swift */; };
		0C2E6812286B3DE90017DC3A /* Main.storyboard in Resources */ = {isa = PBXBuildFile; fileRef = 0C2E6810286B3DE90017DC3A /* Main.storyboard */; };
		0C2E6814286B3DEF0017DC3A /* Assets.xcassets in Resources */ = {isa = PBXBuildFile; fileRef = 0C2E6813286B3DEF0017DC3A /* Assets.xcassets */; };
		0C2E6821286B40300017DC3A /* People.swift in Sources */ = {isa = PBXBuildFile; fileRef = 0C2E6820286B40300017DC3A /* People.swift */; };
		0C2E6823286B40800017DC3A /* Service.swift in Sources */ = {isa = PBXBuildFile; fileRef = 0C2E6822286B40800017DC3A /* Service.swift */; };
		0C2E6825286B40900017DC3A /* GenericService.swift in Sources */ = {isa = PBXBuildFile; fileRef = 0C2E6824286B40900017DC3A /* GenericService.swift */; };
		0C2E6828286B81B90017DC3A /* ViewModel.swift in Sources */ = {isa = PBXBuildFile; fileRef = 0C2E6827286B81B80017DC3A /* ViewModel.swift */; };
		0C2E682E286B90A00017DC3A /* TableViewCell.swift in Sources */ = {isa = PBXBuildFile; fileRef = 0C2E682C286B90A00017DC3A /* TableViewCell.swift */; };
		0C2E682F286B90A00017DC3A /* TableViewCell.xib in Resources */ = {isa = PBXBuildFile; fileRef = 0C2E682D286B90A00017DC3A /* TableViewCell.xib */; };
		0CDFBEED286CE04800AC8B37 /* Launch Screen.storyboard in Resources */ = {isa = PBXBuildFile; fileRef = 0CDFBEEC286CE04800AC8B37 /* Launch Screen.storyboard */; };
		0CDFBEF0286CFBA600AC8B37 /* PersonViewController.swift in Sources */ = {isa = PBXBuildFile; fileRef = 0CDFBEEE286CFBA600AC8B37 /* PersonViewController.swift */; };
		0CDFBEF6286CFBEB00AC8B37 /* PersonViewController.storyboard in Resources */ = {isa = PBXBuildFile; fileRef = 0CDFBEF5286CFBEB00AC8B37 /* PersonViewController.storyboard */; };
		DA04F803286D40D5005C459A /* UITextField.swift in Sources */ = {isa = PBXBuildFile; fileRef = DA04F802286D40D5005C459A /* UITextField.swift */; };
/* End PBXBuildFile section */

/* Begin PBXFileReference section */
		0C2E6807286B3DE90017DC3A /* RickAndMortyApp.app */ = {isa = PBXFileReference; explicitFileType = wrapper.application; includeInIndex = 0; path = RickAndMortyApp.app; sourceTree = BUILT_PRODUCTS_DIR; };
		0C2E680A286B3DE90017DC3A /* AppDelegate.swift */ = {isa = PBXFileReference; lastKnownFileType = sourcecode.swift; path = AppDelegate.swift; sourceTree = "<group>"; };
		0C2E680C286B3DE90017DC3A /* SceneDelegate.swift */ = {isa = PBXFileReference; lastKnownFileType = sourcecode.swift; path = SceneDelegate.swift; sourceTree = "<group>"; };
		0C2E680E286B3DE90017DC3A /* ViewController.swift */ = {isa = PBXFileReference; lastKnownFileType = sourcecode.swift; path = ViewController.swift; sourceTree = "<group>"; };
		0C2E6811286B3DE90017DC3A /* Base */ = {isa = PBXFileReference; lastKnownFileType = file.storyboard; name = Base; path = Base.lproj/Main.storyboard; sourceTree = "<group>"; };
		0C2E6813286B3DEF0017DC3A /* Assets.xcassets */ = {isa = PBXFileReference; lastKnownFileType = folder.assetcatalog; path = Assets.xcassets; sourceTree = "<group>"; };
		0C2E6818286B3DEF0017DC3A /* Info.plist */ = {isa = PBXFileReference; lastKnownFileType = text.plist.xml; path = Info.plist; sourceTree = "<group>"; };
		0C2E6820286B40300017DC3A /* People.swift */ = {isa = PBXFileReference; lastKnownFileType = sourcecode.swift; path = People.swift; sourceTree = "<group>"; };
		0C2E6822286B40800017DC3A /* Service.swift */ = {isa = PBXFileReference; lastKnownFileType = sourcecode.swift; path = Service.swift; sourceTree = "<group>"; };
		0C2E6824286B40900017DC3A /* GenericService.swift */ = {isa = PBXFileReference; lastKnownFileType = sourcecode.swift; path = GenericService.swift; sourceTree = "<group>"; };
		0C2E6827286B81B80017DC3A /* ViewModel.swift */ = {isa = PBXFileReference; lastKnownFileType = sourcecode.swift; path = ViewModel.swift; sourceTree = "<group>"; };
		0C2E682C286B90A00017DC3A /* TableViewCell.swift */ = {isa = PBXFileReference; lastKnownFileType = sourcecode.swift; path = TableViewCell.swift; sourceTree = "<group>"; };
		0C2E682D286B90A00017DC3A /* TableViewCell.xib */ = {isa = PBXFileReference; lastKnownFileType = file.xib; path = TableViewCell.xib; sourceTree = "<group>"; };
		0CDFBEEC286CE04800AC8B37 /* Launch Screen.storyboard */ = {isa = PBXFileReference; lastKnownFileType = file.storyboard; path = "Launch Screen.storyboard"; sourceTree = "<group>"; };
		0CDFBEEE286CFBA600AC8B37 /* PersonViewController.swift */ = {isa = PBXFileReference; lastKnownFileType = sourcecode.swift; path = PersonViewController.swift; sourceTree = "<group>"; };
		0CDFBEF5286CFBEB00AC8B37 /* PersonViewController.storyboard */ = {isa = PBXFileReference; lastKnownFileType = file.storyboard; path = PersonViewController.storyboard; sourceTree = "<group>"; };
		DA04F802286D40D5005C459A /* UITextField.swift */ = {isa = PBXFileReference; lastKnownFileType = sourcecode.swift; path = UITextField.swift; sourceTree = "<group>"; };
/* End PBXFileReference section */

/* Begin PBXFrameworksBuildPhase section */
		0C2E6804286B3DE90017DC3A /* Frameworks */ = {
			isa = PBXFrameworksBuildPhase;
			buildActionMask = 2147483647;
			files = (
			);
			runOnlyForDeploymentPostprocessing = 0;
		};
/* End PBXFrameworksBuildPhase section */

/* Begin PBXGroup section */
		0C2E67FE286B3DE90017DC3A = {
			isa = PBXGroup;
			children = (
				0CDFBEEC286CE04800AC8B37 /* Launch Screen.storyboard */,
				0C2E6809286B3DE90017DC3A /* RickAndMortyApp */,
				0C2E6808286B3DE90017DC3A /* Products */,
			);
			sourceTree = "<group>";
		};
		0C2E6808286B3DE90017DC3A /* Products */ = {
			isa = PBXGroup;
			children = (
				0C2E6807286B3DE90017DC3A /* RickAndMortyApp.app */,
			);
			name = Products;
			sourceTree = "<group>";
		};
		0C2E6809286B3DE90017DC3A /* RickAndMortyApp */ = {
			isa = PBXGroup;
			children = (
				DA04F801286D40BE005C459A /* Extensions */,
				0CDFBEF2286CFBB200AC8B37 /* PersonScreen */,
				0C2E682A286B90880017DC3A /* Controller */,
				0C2E6829286B907E0017DC3A /* View */,
				0C2E6826286B81AC0017DC3A /* ViewModel */,
				0C2E681F286B40240017DC3A /* Model */,
				0C2E681E286B401C0017DC3A /* Network */,
				0C2E680A286B3DE90017DC3A /* AppDelegate.swift */,
				0C2E680C286B3DE90017DC3A /* SceneDelegate.swift */,
				0C2E6813286B3DEF0017DC3A /* Assets.xcassets */,
				0C2E6818286B3DEF0017DC3A /* Info.plist */,
			);
			path = RickAndMortyApp;
			sourceTree = "<group>";
		};
		0C2E681E286B401C0017DC3A /* Network */ = {
			isa = PBXGroup;
			children = (
				0C2E6822286B40800017DC3A /* Service.swift */,
				0C2E6824286B40900017DC3A /* GenericService.swift */,
			);
			path = Network;
			sourceTree = "<group>";
		};
		0C2E681F286B40240017DC3A /* Model */ = {
			isa = PBXGroup;
			children = (
				0C2E6820286B40300017DC3A /* People.swift */,
			);
			path = Model;
			sourceTree = "<group>";
		};
		0C2E6826286B81AC0017DC3A /* ViewModel */ = {
			isa = PBXGroup;
			children = (
				0C2E6827286B81B80017DC3A /* ViewModel.swift */,
			);
			path = ViewModel;
			sourceTree = "<group>";
		};
		0C2E6829286B907E0017DC3A /* View */ = {
			isa = PBXGroup;
			children = (
				0C2E682B286B90910017DC3A /* Cell */,
				0C2E6810286B3DE90017DC3A /* Main.storyboard */,
			);
			path = View;
			sourceTree = "<group>";
		};
		0C2E682A286B90880017DC3A /* Controller */ = {
			isa = PBXGroup;
			children = (
				0C2E680E286B3DE90017DC3A /* ViewController.swift */,
			);
			path = Controller;
			sourceTree = "<group>";
		};
		0C2E682B286B90910017DC3A /* Cell */ = {
			isa = PBXGroup;
			children = (
				0C2E682C286B90A00017DC3A /* TableViewCell.swift */,
				0C2E682D286B90A00017DC3A /* TableViewCell.xib */,
			);
			path = Cell;
			sourceTree = "<group>";
		};
		0CDFBEF2286CFBB200AC8B37 /* PersonScreen */ = {
			isa = PBXGroup;
			children = (
				0CDFBEF4286CFBCB00AC8B37 /* Controller */,
				0CDFBEF3286CFBC300AC8B37 /* View */,
			);
			path = PersonScreen;
			sourceTree = "<group>";
		};
		0CDFBEF3286CFBC300AC8B37 /* View */ = {
			isa = PBXGroup;
			children = (
				0CDFBEF5286CFBEB00AC8B37 /* PersonViewController.storyboard */,
			);
			path = View;
			sourceTree = "<group>";
		};
		0CDFBEF4286CFBCB00AC8B37 /* Controller */ = {
			isa = PBXGroup;
			children = (
				0CDFBEEE286CFBA600AC8B37 /* PersonViewController.swift */,
			);
			path = Controller;
			sourceTree = "<group>";
		};
		DA04F801286D40BE005C459A /* Extensions */ = {
			isa = PBXGroup;
			children = (
				DA04F802286D40D5005C459A /* UITextField.swift */,
			);
			path = Extensions;
			sourceTree = "<group>";
		};
/* End PBXGroup section */

/* Begin PBXNativeTarget section */
		0C2E6806286B3DE90017DC3A /* RickAndMortyApp */ = {
			isa = PBXNativeTarget;
			buildConfigurationList = 0C2E681B286B3DEF0017DC3A /* Build configuration list for PBXNativeTarget "RickAndMortyApp" */;
			buildPhases = (
				0C2E6803286B3DE90017DC3A /* Sources */,
				0C2E6804286B3DE90017DC3A /* Frameworks */,
				0C2E6805286B3DE90017DC3A /* Resources */,
			);
			buildRules = (
			);
			dependencies = (
			);
			name = RickAndMortyApp;
			productName = FilmsProject;
			productReference = 0C2E6807286B3DE90017DC3A /* RickAndMortyApp.app */;
			productType = "com.apple.product-type.application";
		};
/* End PBXNativeTarget section */

/* Begin PBXProject section */
		0C2E67FF286B3DE90017DC3A /* Project object */ = {
			isa = PBXProject;
			attributes = {
				LastSwiftUpdateCheck = 1250;
				LastUpgradeCheck = 1250;
				TargetAttributes = {
					0C2E6806286B3DE90017DC3A = {
						CreatedOnToolsVersion = 12.5;
					};
				};
			};
			buildConfigurationList = 0C2E6802286B3DE90017DC3A /* Build configuration list for PBXProject "RickAndMortyApp" */;
			compatibilityVersion = "Xcode 9.3";
			developmentRegion = en;
			hasScannedForEncodings = 0;
			knownRegions = (
				en,
				Base,
			);
			mainGroup = 0C2E67FE286B3DE90017DC3A;
			productRefGroup = 0C2E6808286B3DE90017DC3A /* Products */;
			projectDirPath = "";
			projectRoot = "";
			targets = (
				0C2E6806286B3DE90017DC3A /* RickAndMortyApp */,
			);
		};
/* End PBXProject section */

/* Begin PBXResourcesBuildPhase section */
		0C2E6805286B3DE90017DC3A /* Resources */ = {
			isa = PBXResourcesBuildPhase;
			buildActionMask = 2147483647;
			files = (
				0C2E682F286B90A00017DC3A /* TableViewCell.xib in Resources */,
				0CDFBEF6286CFBEB00AC8B37 /* PersonViewController.storyboard in Resources */,
				0C2E6814286B3DEF0017DC3A /* Assets.xcassets in Resources */,
				0CDFBEED286CE04800AC8B37 /* Launch Screen.storyboard in Resources */,
				0C2E6812286B3DE90017DC3A /* Main.storyboard in Resources */,
			);
			runOnlyForDeploymentPostprocessing = 0;
		};
/* End PBXResourcesBuildPhase section */

/* Begin PBXSourcesBuildPhase section */
		0C2E6803286B3DE90017DC3A /* Sources */ = {
			isa = PBXSourcesBuildPhase;
			buildActionMask = 2147483647;
			files = (
				0C2E6821286B40300017DC3A /* People.swift in Sources */,
				DA04F803286D40D5005C459A /* UITextField.swift in Sources */,
				0C2E682E286B90A00017DC3A /* TableViewCell.swift in Sources */,
				0C2E680F286B3DE90017DC3A /* ViewController.swift in Sources */,
				0C2E6823286B40800017DC3A /* Service.swift in Sources */,
				0C2E680B286B3DE90017DC3A /* AppDelegate.swift in Sources */,
				0C2E680D286B3DE90017DC3A /* SceneDelegate.swift in Sources */,
				0C2E6825286B40900017DC3A /* GenericService.swift in Sources */,
				0CDFBEF0286CFBA600AC8B37 /* PersonViewController.swift in Sources */,
				0C2E6828286B81B90017DC3A /* ViewModel.swift in Sources */,
			);
			runOnlyForDeploymentPostprocessing = 0;
		};
/* End PBXSourcesBuildPhase section */

/* Begin PBXVariantGroup section */
		0C2E6810286B3DE90017DC3A /* Main.storyboard */ = {
			isa = PBXVariantGroup;
			children = (
				0C2E6811286B3DE90017DC3A /* Base */,
			);
			name = Main.storyboard;
			sourceTree = "<group>";
		};
/* End PBXVariantGroup section */

/* Begin XCBuildConfiguration section */
		0C2E6819286B3DEF0017DC3A /* Debug */ = {
			isa = XCBuildConfiguration;
			buildSettings = {
				ALWAYS_SEARCH_USER_PATHS = NO;
				CLANG_ANALYZER_NONNULL = YES;
				CLANG_ANALYZER_NUMBER_OBJECT_CONVERSION = YES_AGGRESSIVE;
				CLANG_CXX_LANGUAGE_STANDARD = "gnu++14";
				CLANG_CXX_LIBRARY = "libc++";
				CLANG_ENABLE_MODULES = YES;
				CLANG_ENABLE_OBJC_ARC = YES;
				CLANG_ENABLE_OBJC_WEAK = YES;
				CLANG_WARN_BLOCK_CAPTURE_AUTORELEASING = YES;
				CLANG_WARN_BOOL_CONVERSION = YES;
				CLANG_WARN_COMMA = YES;
				CLANG_WARN_CONSTANT_CONVERSION = YES;
				CLANG_WARN_DEPRECATED_OBJC_IMPLEMENTATIONS = YES;
				CLANG_WARN_DIRECT_OBJC_ISA_USAGE = YES_ERROR;
				CLANG_WARN_DOCUMENTATION_COMMENTS = YES;
				CLANG_WARN_EMPTY_BODY = YES;
				CLANG_WARN_ENUM_CONVERSION = YES;
				CLANG_WARN_INFINITE_RECURSION = YES;
				CLANG_WARN_INT_CONVERSION = YES;
				CLANG_WARN_NON_LITERAL_NULL_CONVERSION = YES;
				CLANG_WARN_OBJC_IMPLICIT_RETAIN_SELF = YES;
				CLANG_WARN_OBJC_LITERAL_CONVERSION = YES;
				CLANG_WARN_OBJC_ROOT_CLASS = YES_ERROR;
				CLANG_WARN_QUOTED_INCLUDE_IN_FRAMEWORK_HEADER = YES;
				CLANG_WARN_RANGE_LOOP_ANALYSIS = YES;
				CLANG_WARN_STRICT_PROTOTYPES = YES;
				CLANG_WARN_SUSPICIOUS_MOVE = YES;
				CLANG_WARN_UNGUARDED_AVAILABILITY = YES_AGGRESSIVE;
				CLANG_WARN_UNREACHABLE_CODE = YES;
				CLANG_WARN__DUPLICATE_METHOD_MATCH = YES;
				COPY_PHASE_STRIP = NO;
				DEBUG_INFORMATION_FORMAT = dwarf;
				ENABLE_STRICT_OBJC_MSGSEND = YES;
				ENABLE_TESTABILITY = YES;
				GCC_C_LANGUAGE_STANDARD = gnu11;
				GCC_DYNAMIC_NO_PIC = NO;
				GCC_NO_COMMON_BLOCKS = YES;
				GCC_OPTIMIZATION_LEVEL = 0;
				GCC_PREPROCESSOR_DEFINITIONS = (
					"DEBUG=1",
					"$(inherited)",
				);
				GCC_WARN_64_TO_32_BIT_CONVERSION = YES;
				GCC_WARN_ABOUT_RETURN_TYPE = YES_ERROR;
				GCC_WARN_UNDECLARED_SELECTOR = YES;
				GCC_WARN_UNINITIALIZED_AUTOS = YES_AGGRESSIVE;
				GCC_WARN_UNUSED_FUNCTION = YES;
				GCC_WARN_UNUSED_VARIABLE = YES;
				IPHONEOS_DEPLOYMENT_TARGET = 14.5;
				MTL_ENABLE_DEBUG_INFO = INCLUDE_SOURCE;
				MTL_FAST_MATH = YES;
				ONLY_ACTIVE_ARCH = YES;
				SDKROOT = iphoneos;
				SWIFT_ACTIVE_COMPILATION_CONDITIONS = DEBUG;
				SWIFT_OPTIMIZATION_LEVEL = "-Onone";
			};
			name = Debug;
		};
		0C2E681A286B3DEF0017DC3A /* Release */ = {
			isa = XCBuildConfiguration;
			buildSettings = {
				ALWAYS_SEARCH_USER_PATHS = NO;
				CLANG_ANALYZER_NONNULL = YES;
				CLANG_ANALYZER_NUMBER_OBJECT_CONVERSION = YES_AGGRESSIVE;
				CLANG_CXX_LANGUAGE_STANDARD = "gnu++14";
				CLANG_CXX_LIBRARY = "libc++";
				CLANG_ENABLE_MODULES = YES;
				CLANG_ENABLE_OBJC_ARC = YES;
				CLANG_ENABLE_OBJC_WEAK = YES;
				CLANG_WARN_BLOCK_CAPTURE_AUTORELEASING = YES;
				CLANG_WARN_BOOL_CONVERSION = YES;
				CLANG_WARN_COMMA = YES;
				CLANG_WARN_CONSTANT_CONVERSION = YES;
				CLANG_WARN_DEPRECATED_OBJC_IMPLEMENTATIONS = YES;
				CLANG_WARN_DIRECT_OBJC_ISA_USAGE = YES_ERROR;
				CLANG_WARN_DOCUMENTATION_COMMENTS = YES;
				CLANG_WARN_EMPTY_BODY = YES;
				CLANG_WARN_ENUM_CONVERSION = YES;
				CLANG_WARN_INFINITE_RECURSION = YES;
				CLANG_WARN_INT_CONVERSION = YES;
				CLANG_WARN_NON_LITERAL_NULL_CONVERSION = YES;
				CLANG_WARN_OBJC_IMPLICIT_RETAIN_SELF = YES;
				CLANG_WARN_OBJC_LITERAL_CONVERSION = YES;
				CLANG_WARN_OBJC_ROOT_CLASS = YES_ERROR;
				CLANG_WARN_QUOTED_INCLUDE_IN_FRAMEWORK_HEADER = YES;
				CLANG_WARN_RANGE_LOOP_ANALYSIS = YES;
				CLANG_WARN_STRICT_PROTOTYPES = YES;
				CLANG_WARN_SUSPICIOUS_MOVE = YES;
				CLANG_WARN_UNGUARDED_AVAILABILITY = YES_AGGRESSIVE;
				CLANG_WARN_UNREACHABLE_CODE = YES;
				CLANG_WARN__DUPLICATE_METHOD_MATCH = YES;
				COPY_PHASE_STRIP = NO;
				DEBUG_INFORMATION_FORMAT = "dwarf-with-dsym";
				ENABLE_NS_ASSERTIONS = NO;
				ENABLE_STRICT_OBJC_MSGSEND = YES;
				GCC_C_LANGUAGE_STANDARD = gnu11;
				GCC_NO_COMMON_BLOCKS = YES;
				GCC_WARN_64_TO_32_BIT_CONVERSION = YES;
				GCC_WARN_ABOUT_RETURN_TYPE = YES_ERROR;
				GCC_WARN_UNDECLARED_SELECTOR = YES;
				GCC_WARN_UNINITIALIZED_AUTOS = YES_AGGRESSIVE;
				GCC_WARN_UNUSED_FUNCTION = YES;
				GCC_WARN_UNUSED_VARIABLE = YES;
				IPHONEOS_DEPLOYMENT_TARGET = 14.5;
				MTL_ENABLE_DEBUG_INFO = NO;
				MTL_FAST_MATH = YES;
				SDKROOT = iphoneos;
				SWIFT_COMPILATION_MODE = wholemodule;
				SWIFT_OPTIMIZATION_LEVEL = "-O";
				VALIDATE_PRODUCT = YES;
			};
			name = Release;
		};
		0C2E681C286B3DEF0017DC3A /* Debug */ = {
			isa = XCBuildConfiguration;
			buildSettings = {
				ASSETCATALOG_COMPILER_ALTERNATE_APPICON_NAMES = AppIcon;
				ASSETCATALOG_COMPILER_APPICON_NAME = AppIcon;
				ASSETCATALOG_COMPILER_GLOBAL_ACCENT_COLOR_NAME = AccentColor;
				ASSETCATALOG_COMPILER_INCLUDE_ALL_APPICON_ASSETS = NO;
				CODE_SIGN_STYLE = Automatic;
				INFOPLIST_FILE = RickAndMortyApp/Info.plist;
				LD_RUNPATH_SEARCH_PATHS = (
					"$(inherited)",
					"@executable_path/Frameworks",
				);
				PRODUCT_BUNDLE_IDENTIFIER = com.BrendonSambatti.RickAndMortyApp;
				PRODUCT_NAME = "$(TARGET_NAME)";
				SWIFT_VERSION = 5.0;
				TARGETED_DEVICE_FAMILY = "1,2";
			};
			name = Debug;
		};
		0C2E681D286B3DEF0017DC3A /* Release */ = {
			isa = XCBuildConfiguration;
			buildSettings = {
				ASSETCATALOG_COMPILER_ALTERNATE_APPICON_NAMES = AppIcon;
				ASSETCATALOG_COMPILER_APPICON_NAME = AppIcon;
				ASSETCATALOG_COMPILER_GLOBAL_ACCENT_COLOR_NAME = AccentColor;
				ASSETCATALOG_COMPILER_INCLUDE_ALL_APPICON_ASSETS = NO;
				CODE_SIGN_STYLE = Automatic;
				INFOPLIST_FILE = RickAndMortyApp/Info.plist;
				LD_RUNPATH_SEARCH_PATHS = (
					"$(inherited)",
					"@executable_path/Frameworks",
				);
				PRODUCT_BUNDLE_IDENTIFIER = com.BrendonSambatti.RickAndMortyApp;
				PRODUCT_NAME = "$(TARGET_NAME)";
				SWIFT_VERSION = 5.0;
				TARGETED_DEVICE_FAMILY = "1,2";
			};
			name = Release;
		};
/* End XCBuildConfiguration section */

/* Begin XCConfigurationList section */
		0C2E6802286B3DE90017DC3A /* Build configuration list for PBXProject "RickAndMortyApp" */ = {
			isa = XCConfigurationList;
			buildConfigurations = (
				0C2E6819286B3DEF0017DC3A /* Debug */,
				0C2E681A286B3DEF0017DC3A /* Release */,
			);
			defaultConfigurationIsVisible = 0;
			defaultConfigurationName = Release;
		};
		0C2E681B286B3DEF0017DC3A /* Build configuration list for PBXNativeTarget "RickAndMortyApp" */ = {
			isa = XCConfigurationList;
			buildConfigurations = (
				0C2E681C286B3DEF0017DC3A /* Debug */,
				0C2E681D286B3DEF0017DC3A /* Release */,
			);
			defaultConfigurationIsVisible = 0;
			defaultConfigurationName = Release;
		};
/* End XCConfigurationList section */
	};
	rootObject = 0C2E67FF286B3DE90017DC3A /* Project object */;
}
